
Microsoft Visual Studio Solution File, Format Version 12.00
# Visual Studio Version 16
VisualStudioVersion = 16.0.33423.256
MinimumVisualStudioVersion = 10.0.40219.1
Project("{FAE04EC0-301F-11D3-BF4B-00C04F79EFBC}") = "eTicketing", "eTicketing\eTicketing.csproj", "{38419781-3801-4357-A81D-399F7A77B2C7}"
EndProject
Global
	GlobalSection(SolutionConfigurationPlatforms) = preSolution
		Debug|Any CPU = Debug|Any CPU
		Release|Any CPU = Release|Any CPU
	EndGlobalSection
	GlobalSection(ProjectConfigurationPlatforms) = postSolution
		{38419781-3801-4357-A81D-399F7A77B2C7}.Debug|Any CPU.ActiveCfg = Debug|Any CPU
		{38419781-3801-4357-A81D-399F7A77B2C7}.Debug|Any CPU.Build.0 = Debug|Any CPU
		{38419781-3801-4357-A81D-399F7A77B2C7}.Release|Any CPU.ActiveCfg = Release|Any CPU
		{38419781-3801-4357-A81D-399F7A77B2C7}.Release|Any CPU.Build.0 = Release|Any CPU
	EndGlobalSection
	GlobalSection(SolutionProperties) = preSolution
		HideSolutionNode = FALSE
	EndGlobalSection
	GlobalSection(ExtensibilityGlobals) = postSolution
		SolutionGuid = {D433C236-6E95-48FF-8AA0-560FDF05AC98}
	EndGlobalSection
EndGlobal
